<Solution>
  <Folder Name="/src/" />
  <Folder Name="/src/Api/">
    <Project Path="src/Api/Renting.Api.csproj" />
  </Folder>
  <Folder Name="/src/Application/">
    <Project Path="src/Application/Renting.Application.csproj" />
  </Folder>
  <Folder Name="/src/Domain/">
    <Project Path="src/Domain/Renting.Domain.csproj" />
  </Folder>
  <Folder Name="/src/Infrastructure/">
    <Project Path="src/Infrastructure/Renting.Infrastructure.csproj" />
  </Folder>
</Solution>
